
Microsoft Visual Studio Solution File, Format Version 12.00
Project("{2150E333-8FDC-42A3-9474-1A3956D46DE8}") = "src", "src", "{D5B00727-CC50-433B-913A-ABA2465646C4}"
EndProject
Project("{2150E333-8FDC-42A3-9474-1A3956D46DE8}") = "services", "services", "{20F83749-BA1E-4C10-B92E-4DE5F323484B}"
EndProject
Project("{2150E333-8FDC-42A3-9474-1A3956D46DE8}") = "Contacts", "Contacts", "{C4BEB37F-22F1-4AC9-BD75-787EF0532B75}"
EndProject
Project("{2150E333-8FDC-42A3-9474-1A3956D46DE8}") = "src", "src", "{80493FDA-9ACC-474A-8B75-69888E440D43}"
EndProject
Project("{2150E333-8FDC-42A3-9474-1A3956D46DE8}") = "BuildingBlocks", "BuildingBlocks", "{3205DBE5-3EC8-4886-A30A-2F7B3D9187A4}"
EndProject
Project("{2150E333-8FDC-42A3-9474-1A3956D46DE8}") = "BuildingBlocks.Shared", "BuildingBlocks.Shared", "{CC7971B3-6898-4546-9244-03C30B51B6EA}"
EndProject
Project("{2150E333-8FDC-42A3-9474-1A3956D46DE8}") = "src", "src", "{CF3C4ED3-59F0-453D-BC03-88BBDB0F14D9}"
EndProject
Project("{FAE04EC0-301F-11D3-BF4B-00C04F79EFBC}") = "BuildingBlocks.Shared", "src\building-blocks\shared\src\BuildingBlocks.Shared\BuildingBlocks.Shared.csproj", "{2EAA5CC6-6A8E-4024-8E28-CBB9F24EE85F}"
EndProject
Project("{FAE04EC0-301F-11D3-BF4B-00C04F79EFBC}") = "Contacts.Api", "src\services\contacts\src\Contacts.Api\Contacts.Api.csproj", "{1B4770FF-D513-410C-B017-50E038A146BC}"
EndProject
Project("{FAE04EC0-301F-11D3-BF4B-00C04F79EFBC}") = "Contacts.Application", "src\services\contacts\src\Contacts.Application\Contacts.Application.csproj", "{609CD789-5F8C-4F10-A914-E6144FA742BA}"
EndProject
Project("{FAE04EC0-301F-11D3-BF4B-00C04F79EFBC}") = "Contacts.Domain", "src\services\contacts\src\Contacts.Domain\Contacts.Domain.csproj", "{A017EF05-C78D-4281-A89C-1464759DB773}"
EndProject
Global
	GlobalSection(SolutionConfigurationPlatforms) = preSolution
		Debug|Any CPU = Debug|Any CPU
		Release|Any CPU = Release|Any CPU
	EndGlobalSection
	GlobalSection(ProjectConfigurationPlatforms) = postSolution
		{2EAA5CC6-6A8E-4024-8E28-CBB9F24EE85F}.Debug|Any CPU.ActiveCfg = Debug|Any CPU
		{2EAA5CC6-6A8E-4024-8E28-CBB9F24EE85F}.Debug|Any CPU.Build.0 = Debug|Any CPU
		{2EAA5CC6-6A8E-4024-8E28-CBB9F24EE85F}.Release|Any CPU.ActiveCfg = Release|Any CPU
		{2EAA5CC6-6A8E-4024-8E28-CBB9F24EE85F}.Release|Any CPU.Build.0 = Release|Any CPU
		{1B4770FF-D513-410C-B017-50E038A146BC}.Debug|Any CPU.ActiveCfg = Debug|Any CPU
		{1B4770FF-D513-410C-B017-50E038A146BC}.Debug|Any CPU.Build.0 = Debug|Any CPU
		{1B4770FF-D513-410C-B017-50E038A146BC}.Release|Any CPU.ActiveCfg = Release|Any CPU
		{1B4770FF-D513-410C-B017-50E038A146BC}.Release|Any CPU.Build.0 = Release|Any CPU
		{609CD789-5F8C-4F10-A914-E6144FA742BA}.Debug|Any CPU.ActiveCfg = Debug|Any CPU
		{609CD789-5F8C-4F10-A914-E6144FA742BA}.Debug|Any CPU.Build.0 = Debug|Any CPU
		{609CD789-5F8C-4F10-A914-E6144FA742BA}.Release|Any CPU.ActiveCfg = Release|Any CPU
		{609CD789-5F8C-4F10-A914-E6144FA742BA}.Release|Any CPU.Build.0 = Release|Any CPU
		{A017EF05-C78D-4281-A89C-1464759DB773}.Debug|Any CPU.ActiveCfg = Debug|Any CPU
		{A017EF05-C78D-4281-A89C-1464759DB773}.Debug|Any CPU.Build.0 = Debug|Any CPU
		{A017EF05-C78D-4281-A89C-1464759DB773}.Release|Any CPU.ActiveCfg = Release|Any CPU
		{A017EF05-C78D-4281-A89C-1464759DB773}.Release|Any CPU.Build.0 = Release|Any CPU
	EndGlobalSection
	GlobalSection(NestedProjects) = preSolution
		{20F83749-BA1E-4C10-B92E-4DE5F323484B} = {D5B00727-CC50-433B-913A-ABA2465646C4}
		{C4BEB37F-22F1-4AC9-BD75-787EF0532B75} = {20F83749-BA1E-4C10-B92E-4DE5F323484B}
		{80493FDA-9ACC-474A-8B75-69888E440D43} = {C4BEB37F-22F1-4AC9-BD75-787EF0532B75}
		{3205DBE5-3EC8-4886-A30A-2F7B3D9187A4} = {D5B00727-CC50-433B-913A-ABA2465646C4}
		{CC7971B3-6898-4546-9244-03C30B51B6EA} = {3205DBE5-3EC8-4886-A30A-2F7B3D9187A4}
		{CF3C4ED3-59F0-453D-BC03-88BBDB0F14D9} = {CC7971B3-6898-4546-9244-03C30B51B6EA}
		{2EAA5CC6-6A8E-4024-8E28-CBB9F24EE85F} = {CF3C4ED3-59F0-453D-BC03-88BBDB0F14D9}
		{1B4770FF-D513-410C-B017-50E038A146BC} = {80493FDA-9ACC-474A-8B75-69888E440D43}
		{609CD789-5F8C-4F10-A914-E6144FA742BA} = {80493FDA-9ACC-474A-8B75-69888E440D43}
		{A017EF05-C78D-4281-A89C-1464759DB773} = {80493FDA-9ACC-474A-8B75-69888E440D43}
	EndGlobalSection
EndGlobal
